
Microsoft Visual Studio Solution File, Format Version 12.00
# Visual Studio Version 17
VisualStudioVersion = 17.4.33213.308
MinimumVisualStudioVersion = 10.0.40219.1
Project("{FAE04EC0-301F-11D3-BF4B-00C04F79EFBC}") = "SistemaVenta.API", "..\SistemaVenta.API\SistemaVenta.API.csproj", "{9B7C47D3-0C82-45E0-89BD-D294B085744B}"
EndProject
Project("{FAE04EC0-301F-11D3-BF4B-00C04F79EFBC}") = "SistemaVenta.DAL", "..\SistemaVenta.DAL\SistemaVenta.DAL.csproj", "{4249C088-106D-41EC-A62C-4E1999E4CF5C}"
EndProject
Project("{FAE04EC0-301F-11D3-BF4B-00C04F79EFBC}") = "SistemaVenta.BLL", "..\SistemaVenta.BLL\SistemaVenta.BLL.csproj", "{797E9B49-957A-43C2-82D6-88E26E0B807B}"
EndProject
Project("{FAE04EC0-301F-11D3-BF4B-00C04F79EFBC}") = "SistemaVenta.Entity", "..\SistemaVenta.Entity\SistemaVenta.Entity.csproj", "{2460D49D-FAD3-46C3-B229-89635CBE5059}"
EndProject
Project("{FAE04EC0-301F-11D3-BF4B-00C04F79EFBC}") = "SistemaVenta.IOC", "..\SistemaVenta.IOC\SistemaVenta.IOC.csproj", "{A2BF366B-9F81-4CA1-8A13-8A159F7BF151}"
EndProject
Project("{FAE04EC0-301F-11D3-BF4B-00C04F79EFBC}") = "SistemaVenta.DTO", "..\SistemaVenta.DTO\SistemaVenta.DTO.csproj", "{CC51E46B-D3DF-47B7-B3B4-04A25B91B96C}"
EndProject
Project("{FAE04EC0-301F-11D3-BF4B-00C04F79EFBC}") = "SistemaVenta.Utility", "..\SistemaVenta.Utility\SistemaVenta.Utility.csproj", "{D3FCBE98-E52A-4AE0-8494-FF33EC748F92}"
EndProject
Global
	GlobalSection(SolutionConfigurationPlatforms) = preSolution
		Debug|Any CPU = Debug|Any CPU
		Release|Any CPU = Release|Any CPU
	EndGlobalSection
	GlobalSection(ProjectConfigurationPlatforms) = postSolution
		{9B7C47D3-0C82-45E0-89BD-D294B085744B}.Debug|Any CPU.ActiveCfg = Debug|Any CPU
		{9B7C47D3-0C82-45E0-89BD-D294B085744B}.Debug|Any CPU.Build.0 = Debug|Any CPU
		{9B7C47D3-0C82-45E0-89BD-D294B085744B}.Release|Any CPU.ActiveCfg = Release|Any CPU
		{9B7C47D3-0C82-45E0-89BD-D294B085744B}.Release|Any CPU.Build.0 = Release|Any CPU
		{4249C088-106D-41EC-A62C-4E1999E4CF5C}.Debug|Any CPU.ActiveCfg = Debug|Any CPU
		{4249C088-106D-41EC-A62C-4E1999E4CF5C}.Debug|Any CPU.Build.0 = Debug|Any CPU
		{4249C088-106D-41EC-A62C-4E1999E4CF5C}.Release|Any CPU.ActiveCfg = Release|Any CPU
		{4249C088-106D-41EC-A62C-4E1999E4CF5C}.Release|Any CPU.Build.0 = Release|Any CPU
		{797E9B49-957A-43C2-82D6-88E26E0B807B}.Debug|Any CPU.ActiveCfg = Debug|Any CPU
		{797E9B49-957A-43C2-82D6-88E26E0B807B}.Debug|Any CPU.Build.0 = Debug|Any CPU
		{797E9B49-957A-43C2-82D6-88E26E0B807B}.Release|Any CPU.ActiveCfg = Release|Any CPU
		{797E9B49-957A-43C2-82D6-88E26E0B807B}.Release|Any CPU.Build.0 = Release|Any CPU
		{2460D49D-FAD3-46C3-B229-89635CBE5059}.Debug|Any CPU.ActiveCfg = Debug|Any CPU
		{2460D49D-FAD3-46C3-B229-89635CBE5059}.Debug|Any CPU.Build.0 = Debug|Any CPU
		{2460D49D-FAD3-46C3-B229-89635CBE5059}.Release|Any CPU.ActiveCfg = Release|Any CPU
		{2460D49D-FAD3-46C3-B229-89635CBE5059}.Release|Any CPU.Build.0 = Release|Any CPU
		{A2BF366B-9F81-4CA1-8A13-8A159F7BF151}.Debug|Any CPU.ActiveCfg = Debug|Any CPU
		{A2BF366B-9F81-4CA1-8A13-8A159F7BF151}.Debug|Any CPU.Build.0 = Debug|Any CPU
		{A2BF366B-9F81-4CA1-8A13-8A159F7BF151}.Release|Any CPU.ActiveCfg = Release|Any CPU
		{A2BF366B-9F81-4CA1-8A13-8A159F7BF151}.Release|Any CPU.Build.0 = Release|Any CPU
		{CC51E46B-D3DF-47B7-B3B4-04A25B91B96C}.Debug|Any CPU.ActiveCfg = Debug|Any CPU
		{CC51E46B-D3DF-47B7-B3B4-04A25B91B96C}.Debug|Any CPU.Build.0 = Debug|Any CPU
		{CC51E46B-D3DF-47B7-B3B4-04A25B91B96C}.Release|Any CPU.ActiveCfg = Release|Any CPU
		{CC51E46B-D3DF-47B7-B3B4-04A25B91B96C}.Release|Any CPU.Build.0 = Release|Any CPU
		{D3FCBE98-E52A-4AE0-8494-FF33EC748F92}.Debug|Any CPU.ActiveCfg = Debug|Any CPU
		{D3FCBE98-E52A-4AE0-8494-FF33EC748F92}.Debug|Any CPU.Build.0 = Debug|Any CPU
		{D3FCBE98-E52A-4AE0-8494-FF33EC748F92}.Release|Any CPU.ActiveCfg = Release|Any CPU
		{D3FCBE98-E52A-4AE0-8494-FF33EC748F92}.Release|Any CPU.Build.0 = Release|Any CPU
	EndGlobalSection
	GlobalSection(SolutionProperties) = preSolution
		HideSolutionNode = FALSE
	EndGlobalSection
	GlobalSection(ExtensibilityGlobals) = postSolution
		SolutionGuid = {A1A39E16-4962-424A-8CBF-9052A3154EFD}
	EndGlobalSection
EndGlobal
